{
  "name": "cbe",
  "version": "1.2.2",
  "dependencies": {
    "accepts": {
      "version": "1.3.3"
    },
    "accounting": {
      "version": "0.4.1"
    },
    "acorn": {
      "version": "3.3.0"
    },
    "acorn-globals": {
      "version": "3.0.0"
    },
    "align-text": {
      "version": "0.1.4"
    },
    "amdefine": {
      "version": "1.0.1"
    },
    "ansi-regex": {
      "version": "2.0.0"
    },
    "ansi-styles": {
      "version": "2.2.1"
    },
    "apparatus": {
      "version": "0.0.9",
      "optional": true
    },
    "array-flatten": {
      "version": "1.1.1"
    },
    "asap": {
      "version": "2.0.5"
    },
    "asn1": {
      "version": "0.2.3"
    },
    "assert-plus": {
      "version": "0.2.0"
    },
    "assertion-error": {
      "version": "1.0.2"
    },
    "async": {
      "version": "1.5.0"
    },
    "asynckit": {
      "version": "0.4.0"
    },
    "aws-sign2": {
      "version": "0.6.0"
    },
    "aws4": {
      "version": "1.5.0"
    },
    "balanced-match": {
      "version": "0.4.2"
    },
    "bcrypt-pbkdf": {
      "version": "1.0.0",
      "optional": true
    },
    "bintrees": {
      "version": "1.0.0"
    },
    "bl": {
      "version": "1.1.2",
      "dependencies": {
        "readable-stream": {
          "version": "2.0.6"
        }
      }
    },
    "body-parser": {
      "version": "1.15.2",
      "dependencies": {
        "qs": {
          "version": "6.2.0"
        }
      }
    },
    "boom": {
      "version": "2.10.1"
    },
    "brace-expansion": {
      "version": "1.1.6"
    },
    "bson": {
      "version": "0.5.7"
    },
    "buffer-shims": {
      "version": "1.0.0"
    },
    "builtin-modules": {
      "version": "1.1.1"
    },
    "bytes": {
      "version": "2.4.0"
    },
    "camelcase": {
      "version": "3.0.0"
    },
    "caseless": {
      "version": "0.11.0"
    },
    "center-align": {
      "version": "0.1.3"
    },
    "chai": {
      "version": "3.5.0"
    },
    "chalk": {
      "version": "1.1.3",
      "dependencies": {
        "escape-string-regexp": {
          "version": "1.0.5"
        },
        "supports-color": {
          "version": "2.0.0"
        }
      }
    },
    "character-parser": {
      "version": "2.2.0"
    },
    "clean-css": {
      "version": "3.4.21",
      "dependencies": {
        "commander": {
          "version": "2.8.1"
        },
        "source-map": {
          "version": "0.4.4"
        }
      }
    },
    "cliui": {
      "version": "3.2.0"
    },
    "clockwork": {
      "version": "0.1.4"
    },
    "code-point-at": {
      "version": "1.1.0"
    },
    "coffee-script": {
      "version": "1.11.1"
    },
    "coinbase-exchange": {
      "version": "0.2.2",
      "dependencies": {
        "request": {
          "version": "2.74.0"
        }
      }
    },
    "combined-stream": {
      "version": "1.0.5"
    },
    "commander": {
      "version": "2.3.0"
    },
    "concat-map": {
      "version": "0.0.1"
    },
    "constantinople": {
      "version": "3.1.0",
      "dependencies": {
        "is-expression": {
          "version": "2.1.0"
        }
      }
    },
    "content-disposition": {
      "version": "0.5.1"
    },
    "content-type": {
      "version": "1.0.2"
    },
    "cookie": {
      "version": "0.3.1"
    },
    "cookie-signature": {
      "version": "1.0.6"
    },
    "core-util-is": {
      "version": "1.0.2"
    },
    "cryptiles": {
      "version": "2.0.5"
    },
    "css-parse": {
      "version": "1.7.0"
    },
    "dashdash": {
      "version": "1.14.1",
      "dependencies": {
        "assert-plus": {
          "version": "1.0.0"
        }
      }
    },
    "debug": {
      "version": "2.2.0"
    },
    "decamelize": {
      "version": "1.2.0"
    },
    "deep-eql": {
      "version": "0.1.3",
      "dependencies": {
        "type-detect": {
          "version": "0.1.1"
        }
      }
    },
    "deep-equal": {
      "version": "1.0.1"
    },
    "delayed-stream": {
      "version": "1.0.0"
    },
    "depd": {
      "version": "1.1.0"
    },
    "destroy": {
      "version": "1.0.4"
    },
    "diff": {
      "version": "1.4.0"
    },
    "doctypes": {
      "version": "1.1.0"
    },
    "dotenv": {
      "version": "2.0.0"
    },
    "double-ended-queue": {
      "version": "2.1.0-0"
    },
    "ecc-jsbn": {
      "version": "0.1.1",
      "optional": true
    },
    "ee-first": {
      "version": "1.1.1"
    },
    "encodeurl": {
      "version": "1.0.1"
    },
    "encoding": {
      "version": "0.1.12",
      "dependencies": {
        "iconv-lite": {
          "version": "0.4.15"
        }
      }
    },
    "error-ex": {
      "version": "1.3.0"
    },
    "es6-promise": {
      "version": "3.2.1"
    },
    "escape-html": {
      "version": "1.0.3"
    },
    "escape-string-regexp": {
      "version": "1.0.2"
    },
    "etag": {
      "version": "1.7.0"
    },
    "express": {
      "version": "4.14.0",
      "dependencies": {
        "qs": {
          "version": "6.2.0"
        }
      }
    },
    "extend": {
      "version": "3.0.0"
    },
    "extsprintf": {
      "version": "1.0.2"
    },
    "fib": {
      "version": "0.0.1"
    },
    "finalhandler": {
      "version": "0.5.0"
    },
    "find-up": {
      "version": "1.1.2"
    },
    "forever-agent": {
      "version": "0.6.1"
    },
    "form-data": {
      "version": "1.0.1",
      "dependencies": {
        "async": {
          "version": "2.1.4"
        }
      }
    },
    "forwarded": {
      "version": "0.1.0"
    },
    "fresh": {
      "version": "0.3.0"
    },
    "fs.realpath": {
      "version": "1.0.0"
    },
    "gdax": {
      "version": "0.2.2",
      "dependencies": {
        "request": {
          "version": "2.74.0"
        }
      }
    },
    "generate-function": {
      "version": "2.0.0"
    },
    "generate-object-property": {
      "version": "1.2.0"
    },
    "get-caller-file": {
      "version": "1.0.2"
    },
    "getpass": {
      "version": "0.1.6",
      "dependencies": {
        "assert-plus": {
          "version": "1.0.0"
        }
      }
    },
    "glob": {
      "version": "3.2.11"
    },
    "graceful-fs": {
      "version": "4.1.11"
    },
    "graceful-readlink": {
      "version": "1.0.1"
    },
    "growl": {
      "version": "1.9.2"
    },
    "har-validator": {
      "version": "2.0.6",
      "dependencies": {
        "commander": {
          "version": "2.9.0"
        }
      }
    },
    "has-ansi": {
      "version": "2.0.0"
    },
    "hawk": {
      "version": "3.1.3"
    },
    "hoek": {
      "version": "2.16.3"
    },
    "hosted-git-info": {
      "version": "2.1.5"
    },
    "http-errors": {
      "version": "1.5.1"
    },
    "http-signature": {
      "version": "1.1.1"
    },
    "iconv-lite": {
      "version": "0.4.13"
    },
    "inflight": {
      "version": "1.0.6"
    },
    "inherits": {
      "version": "2.0.3"
    },
    "int": {
      "version": "0.1.1"
    },
    "invert-kv": {
      "version": "1.0.0"
    },
    "ipaddr.js": {
      "version": "1.1.1"
    },
    "is-arrayish": {
      "version": "0.2.1"
    },
    "is-buffer": {
      "version": "1.1.4"
    },
    "is-builtin-module": {
      "version": "1.0.0"
    },
    "is-expression": {
      "version": "3.0.0",
      "dependencies": {
        "acorn": {
          "version": "4.0.3"
        }
      }
    },
    "is-fullwidth-code-point": {
      "version": "1.0.0"
    },
    "is-my-json-valid": {
      "version": "2.15.0"
    },
    "is-promise": {
      "version": "2.1.0"
    },
    "is-property": {
      "version": "1.0.2"
    },
    "is-regex": {
      "version": "1.0.3"
    },
    "is-stream": {
      "version": "1.1.0"
    },
    "is-typedarray": {
      "version": "1.0.0"
    },
    "is-utf8": {
      "version": "0.2.1"
    },
    "isarray": {
      "version": "1.0.0"
    },
    "isomorphic-fetch": {
      "version": "2.2.1"
    },
    "isstream": {
      "version": "0.1.2"
    },
    "jade": {
      "version": "0.26.3",
      "dependencies": {
        "commander": {
          "version": "0.6.1"
        },
        "mkdirp": {
          "version": "0.3.0"
        }
      }
    },
    "jodid25519": {
      "version": "1.0.2",
      "optional": true
    },
    "js-stringify": {
      "version": "1.0.2"
    },
    "js-tokens": {
      "version": "2.0.0"
    },
    "jsbn": {
      "version": "0.1.0",
      "optional": true
    },
    "json-schema": {
      "version": "0.2.3"
    },
    "json-stringify-safe": {
      "version": "5.0.1"
    },
    "jsonpointer": {
      "version": "4.0.0"
    },
    "jsprim": {
      "version": "1.3.1"
    },
    "jstransformer": {
      "version": "1.0.0"
    },
    "kind-of": {
      "version": "3.0.4"
    },
    "kue": {
      "version": "0.11.5"
    },
    "lazy-cache": {
      "version": "1.0.4"
    },
    "lcid": {
      "version": "1.0.0"
    },
    "load-json-file": {
      "version": "1.1.0"
    },
    "lodash": {
      "version": "4.17.2"
    },
    "lodash-es": {
      "version": "4.17.2"
    },
    "lodash._arrayeach": {
      "version": "3.0.0"
    },
    "lodash._baseassign": {
      "version": "3.2.0"
    },
    "lodash._basecopy": {
      "version": "3.0.1"
    },
    "lodash._baseeach": {
      "version": "3.0.4"
    },
    "lodash._baseslice": {
      "version": "3.0.3"
    },
    "lodash._bindcallback": {
      "version": "3.0.1"
    },
    "lodash._createassigner": {
      "version": "3.1.1"
    },
    "lodash._createwrapper": {
      "version": "3.2.0"
    },
    "lodash._getnative": {
      "version": "3.9.1"
    },
    "lodash._isiterateecall": {
      "version": "3.0.9"
    },
    "lodash._replaceholders": {
      "version": "3.0.0"
    },
    "lodash._root": {
      "version": "3.0.1"
    },
    "lodash.assign": {
      "version": "3.0.0"
    },
    "lodash.foreach": {
      "version": "3.0.0"
    },
    "lodash.isarguments": {
      "version": "3.1.0"
    },
    "lodash.isarray": {
      "version": "3.0.4"
    },
    "lodash.keys": {
      "version": "3.1.2"
    },
    "lodash.partial": {
      "version": "3.0.0"
    },
    "lodash.restparam": {
      "version": "3.6.1"
    },
    "longest": {
      "version": "1.0.1"
    },
    "loose-envify": {
      "version": "1.3.0"
    },
    "lru-cache": {
      "version": "2.7.3"
    },
    "media-typer": {
      "version": "0.3.0"
    },
    "merge-descriptors": {
      "version": "1.0.1"
    },
    "methods": {
      "version": "1.1.2"
    },
    "mime": {
      "version": "1.3.4"
    },
    "mime-db": {
      "version": "1.25.0"
    },
    "mime-types": {
      "version": "2.1.13"
    },
    "minimatch": {
      "version": "0.3.0"
    },
    "minimist": {
      "version": "0.0.8"
    },
    "mkdirp": {
      "version": "0.5.1"
    },
    "mocha": {
      "version": "2.5.3"
    },
    "moment": {
      "version": "2.17.0"
    },
    "mongodb": {
      "version": "2.2.11"
    },
    "mongodb-core": {
      "version": "2.0.13"
    },
    "ms": {
      "version": "0.7.1"
    },
    "natural": {
      "version": "0.2.1",
      "optional": true
    },
    "negotiator": {
      "version": "0.6.1"
    },
    "nib": {
      "version": "1.1.2"
    },
    "nock": {
      "version": "3.6.0",
      "dependencies": {
        "debug": {
          "version": "2.3.3"
        },
        "lodash": {
          "version": "2.4.1"
        },
        "ms": {
          "version": "0.7.2"
        }
      }
    },
    "node-fetch": {
      "version": "1.6.3"
    },
    "node-redis-scripty": {
      "version": "0.0.5",
      "dependencies": {
        "extend": {
          "version": "1.3.0"
        }
      }
    },
    "node-redis-warlock": {
      "version": "0.2.0"
    },
    "node-uuid": {
      "version": "1.4.7"
    },
    "normalize-package-data": {
      "version": "2.3.5"
    },
    "num": {
      "version": "0.2.1"
    },
    "number-is-nan": {
      "version": "1.0.1"
    },
    "oauth-sign": {
      "version": "0.8.2"
    },
    "object-assign": {
      "version": "4.1.0"
    },
    "on-finished": {
      "version": "2.3.0"
    },
    "once": {
      "version": "1.4.0"
    },
    "options": {
      "version": "0.0.6"
    },
    "os-locale": {
      "version": "1.4.0"
    },
    "parse-json": {
      "version": "2.2.0"
    },
    "parseurl": {
      "version": "1.3.1"
    },
    "path-exists": {
      "version": "2.1.0"
    },
    "path-is-absolute": {
      "version": "1.0.1"
    },
    "path-to-regexp": {
      "version": "0.1.7"
    },
    "path-type": {
      "version": "1.1.0"
    },
    "pify": {
      "version": "2.3.0"
    },
    "pinkie": {
      "version": "2.0.4"
    },
    "pinkie-promise": {
      "version": "2.0.1"
    },
    "process-nextick-args": {
      "version": "1.0.7"
    },
    "promise": {
      "version": "7.1.1"
    },
    "propagate": {
      "version": "0.3.1"
    },
    "proxy-addr": {
      "version": "1.1.2"
    },
    "pug": {
      "version": "2.0.0-beta6"
    },
    "pug-attrs": {
      "version": "2.0.1"
    },
    "pug-code-gen": {
      "version": "1.1.0"
    },
    "pug-error": {
      "version": "1.3.1"
    },
    "pug-filters": {
      "version": "1.2.4"
    },
    "pug-lexer": {
      "version": "2.3.0"
    },
    "pug-linker": {
      "version": "1.0.1"
    },
    "pug-load": {
      "version": "2.0.3"
    },
    "pug-parser": {
      "version": "2.0.1"
    },
    "pug-runtime": {
      "version": "2.0.2"
    },
    "pug-strip-comments": {
      "version": "1.0.1"
    },
    "pug-walk": {
      "version": "1.0.0"
    },
    "punycode": {
      "version": "1.4.1"
    },
    "qs": {
      "version": "6.2.1"
    },
    "ramda": {
      "version": "0.21.0"
    },
    "range-parser": {
      "version": "1.2.0"
    },
    "raw-body": {
      "version": "2.1.7"
    },
    "read-pkg": {
      "version": "1.1.0"
    },
    "read-pkg-up": {
      "version": "1.0.1"
    },
    "readable-stream": {
      "version": "2.1.5"
    },
    "redis": {
      "version": "2.6.3"
    },
    "redis-commands": {
      "version": "1.3.0"
    },
    "redis-parser": {
      "version": "2.3.0"
    },
    "reds": {
      "version": "0.2.5",
      "optional": true,
      "dependencies": {
        "redis": {
          "version": "0.12.1",
          "optional": true
        }
      }
    },
    "redux": {
      "version": "3.6.0"
    },
    "redux-thunk": {
      "version": "2.1.0"
    },
    "regression": {
      "version": "1.2.1"
    },
    "repeat-string": {
      "version": "1.6.1"
    },
    "request": {
      "version": "2.79.0",
      "dependencies": {
        "form-data": {
          "version": "2.1.2"
        },
        "qs": {
          "version": "6.3.0"
        },
        "uuid": {
          "version": "3.0.0"
        }
      }
    },
    "require_optional": {
      "version": "1.0.0"
    },
    "require-directory": {
      "version": "2.1.1"
    },
    "require-main-filename": {
      "version": "1.0.1"
    },
    "resolve": {
      "version": "1.1.7"
    },
    "resolve-from": {
      "version": "2.0.0"
    },
    "right-align": {
      "version": "0.1.3"
    },
    "rsvp": {
      "version": "3.3.3"
    },
    "sax": {
      "version": "1.2.1"
    },
    "semver": {
      "version": "5.3.0"
    },
    "send": {
      "version": "0.14.1"
    },
    "serve-static": {
      "version": "1.11.1"
    },
    "set-blocking": {
      "version": "2.0.0"
    },
    "setprototypeof": {
      "version": "1.0.2"
    },
    "should": {
      "version": "9.0.2"
    },
    "should-equal": {
      "version": "1.0.1"
    },
    "should-format": {
      "version": "1.0.0"
    },
    "should-type": {
      "version": "1.4.0"
    },
    "sigmund": {
      "version": "1.0.1"
    },
    "sntp": {
      "version": "1.0.9"
    },
    "source-map": {
      "version": "0.1.43"
    },
    "spdx-correct": {
      "version": "1.0.2"
    },
    "spdx-expression-parse": {
      "version": "1.0.4"
    },
    "spdx-license-ids": {
      "version": "1.2.2"
    },
    "sshpk": {
      "version": "1.10.1",
      "dependencies": {
        "assert-plus": {
          "version": "1.0.0"
        }
      }
    },
    "statuses": {
      "version": "1.3.1"
    },
    "string_decoder": {
      "version": "0.10.31"
    },
    "string-width": {
      "version": "1.0.2"
    },
    "stringstream": {
      "version": "0.0.5"
    },
    "strip-ansi": {
      "version": "3.0.1"
    },
    "strip-bom": {
      "version": "2.0.0"
    },
    "stylus": {
      "version": "0.54.5",
      "dependencies": {
        "debug": {
          "version": "2.3.3"
        },
        "glob": {
          "version": "7.0.6"
        },
        "minimatch": {
          "version": "3.0.3"
        },
        "ms": {
          "version": "0.7.2"
        },
        "sax": {
          "version": "0.5.8"
        }
      }
    },
    "supports-color": {
      "version": "1.2.0"
    },
    "sylvester": {
      "version": "0.0.21"
    },
    "symbol-observable": {
      "version": "1.0.4"
    },
    "throttle-debounce": {
      "version": "1.0.1"
    },
    "to-iso-string": {
      "version": "0.0.2"
    },
    "token-stream": {
      "version": "0.0.1"
    },
    "tough-cookie": {
      "version": "2.3.2"
    },
    "tunnel-agent": {
      "version": "0.4.3"
    },
    "tweetnacl": {
      "version": "0.14.3",
      "optional": true
    },
    "type-detect": {
      "version": "1.0.0"
    },
    "type-is": {
      "version": "1.6.14"
    },
    "uglify-js": {
      "version": "2.7.4",
      "dependencies": {
        "async": {
          "version": "0.2.10"
        },
        "camelcase": {
          "version": "1.2.1"
        },
        "cliui": {
          "version": "2.1.0"
        },
        "source-map": {
          "version": "0.5.6"
        },
        "window-size": {
          "version": "0.1.0"
        },
        "yargs": {
          "version": "3.10.0"
        }
      }
    },
    "uglify-to-browserify": {
      "version": "1.0.2"
    },
    "ultron": {
      "version": "1.0.2"
    },
    "underscore": {
      "version": "1.8.3",
      "optional": true
    },
    "unpipe": {
      "version": "1.0.0"
    },
    "util-deprecate": {
      "version": "1.0.2"
    },
    "utils-merge": {
      "version": "1.0.0"
    },
    "uuid": {
      "version": "2.0.3"
    },
    "validate-npm-package-license": {
      "version": "3.0.1"
    },
    "vary": {
      "version": "1.1.0"
    },
    "verror": {
      "version": "1.3.6"
    },
    "void-elements": {
      "version": "2.0.1"
    },
    "whatwg-fetch": {
      "version": "2.0.1"
    },
    "which-module": {
      "version": "1.0.0"
    },
    "window-size": {
      "version": "0.2.0"
    },
    "with": {
      "version": "5.1.1"
    },
    "wordwrap": {
      "version": "0.0.2"
    },
    "wrap-ansi": {
      "version": "2.0.0"
    },
    "wrappy": {
      "version": "1.0.2"
    },
    "ws": {
      "version": "1.1.1"
    },
    "xml2js": {
      "version": "0.4.17",
      "dependencies": {
        "xmlbuilder": {
          "version": "4.2.1"
        }
      }
    },
    "xmlbuilder": {
      "version": "8.2.2"
    },
    "xtend": {
      "version": "4.0.1"
    },
    "y18n": {
      "version": "3.2.1"
    },
    "yargs": {
      "version": "4.8.1",
      "dependencies": {
        "lodash.assign": {
          "version": "4.2.0"
        }
      }
    },
    "yargs-parser": {
      "version": "2.4.1",
      "dependencies": {
        "lodash.assign": {
          "version": "4.2.0"
        }
      }
    }
  }
}
